
Microsoft Visual Studio Solution File, Format Version 12.00
Project("{FAE04EC0-301F-11D3-BF4B-00C04F79EFBC}") = "DeckStats.UI", "DeckStats.UI\DeckStats.UI.csproj", "{60B3AD7A-BE1F-4695-ADBC-1640D3A8DE4F}"
EndProject
Global
	GlobalSection(SolutionConfigurationPlatforms) = preSolution
		Debug|Any CPU = Debug|Any CPU
		Release|Any CPU = Release|Any CPU
	EndGlobalSection
	GlobalSection(ProjectConfigurationPlatforms) = postSolution
		{60B3AD7A-BE1F-4695-ADBC-1640D3A8DE4F}.Debug|Any CPU.ActiveCfg = Debug|Any CPU
		{60B3AD7A-BE1F-4695-ADBC-1640D3A8DE4F}.Debug|Any CPU.Build.0 = Debug|Any CPU
		{60B3AD7A-BE1F-4695-ADBC-1640D3A8DE4F}.Release|Any CPU.ActiveCfg = Release|Any CPU
		{60B3AD7A-BE1F-4695-ADBC-1640D3A8DE4F}.Release|Any CPU.Build.0 = Release|Any CPU
	EndGlobalSection
EndGlobal
